
Microsoft Visual Studio Solution File, Format Version 12.00
# Visual Studio Version 17
VisualStudioVersion = 17.13.35825.156
MinimumVisualStudioVersion = 10.0.40219.1
Project("{FAE04EC0-301F-11D3-BF4B-00C04F79EFBC}") = "GymEquipmentManagement", "..\GymEquipmentManagement\GymEquipmentManagement.csproj", "{7DB5612D-BA61-4149-B1A7-7F5863DC5150}"
EndProject
Project("{FAE04EC0-301F-11D3-BF4B-00C04F79EFBC}") = "GEMBusinessLogic", "..\GymEquipmentManagement\GEMBusinessLogic\GEMBusinessLogic.csproj", "{4F42D7E0-23C8-F64B-6C62-0487BC73095D}"
EndProject
Global
	GlobalSection(SolutionConfigurationPlatforms) = preSolution
		Debug|Any CPU = Debug|Any CPU
		Release|Any CPU = Release|Any CPU
	EndGlobalSection
	GlobalSection(ProjectConfigurationPlatforms) = postSolution
		{7DB5612D-BA61-4149-B1A7-7F5863DC5150}.Debug|Any CPU.ActiveCfg = Debug|Any CPU
		{7DB5612D-BA61-4149-B1A7-7F5863DC5150}.Debug|Any CPU.Build.0 = Debug|Any CPU
		{7DB5612D-BA61-4149-B1A7-7F5863DC5150}.Release|Any CPU.ActiveCfg = Release|Any CPU
		{7DB5612D-BA61-4149-B1A7-7F5863DC5150}.Release|Any CPU.Build.0 = Release|Any CPU
		{4F42D7E0-23C8-F64B-6C62-0487BC73095D}.Debug|Any CPU.ActiveCfg = Debug|Any CPU
		{4F42D7E0-23C8-F64B-6C62-0487BC73095D}.Debug|Any CPU.Build.0 = Debug|Any CPU
		{4F42D7E0-23C8-F64B-6C62-0487BC73095D}.Release|Any CPU.ActiveCfg = Release|Any CPU
		{4F42D7E0-23C8-F64B-6C62-0487BC73095D}.Release|Any CPU.Build.0 = Release|Any CPU
	EndGlobalSection
	GlobalSection(SolutionProperties) = preSolution
		HideSolutionNode = FALSE
	EndGlobalSection
	GlobalSection(ExtensibilityGlobals) = postSolution
		SolutionGuid = {59FBB6D3-9212-4625-AAEC-283B6BD81E5C}
	EndGlobalSection
EndGlobal
